
Microsoft Visual Studio Solution File, Format Version 12.00
# Visual Studio 15
VisualStudioVersion = 15.0.28307.852
MinimumVisualStudioVersion = 10.0.40219.1
Project("{FAE04EC0-301F-11D3-BF4B-00C04F79EFBC}") = "AdventOfCode.Year2019", "AdventOfCode\AdventOfCode.Year2019.csproj", "{3EE4AFC5-72B9-4AE1-89A3-D9633BCFB26D}"
EndProject
Project("{FAE04EC0-301F-11D3-BF4B-00C04F79EFBC}") = "AdventOfCode.Common", "AdventOfCode.Common\AdventOfCode.Common.csproj", "{867D1965-1850-49A8-88E3-C5D558837454}"
EndProject
Global
	GlobalSection(SolutionConfigurationPlatforms) = preSolution
		Debug|Any CPU = Debug|Any CPU
		Release|Any CPU = Release|Any CPU
	EndGlobalSection
	GlobalSection(ProjectConfigurationPlatforms) = postSolution
		{3EE4AFC5-72B9-4AE1-89A3-D9633BCFB26D}.Debug|Any CPU.ActiveCfg = Debug|Any CPU
		{3EE4AFC5-72B9-4AE1-89A3-D9633BCFB26D}.Debug|Any CPU.Build.0 = Debug|Any CPU
		{3EE4AFC5-72B9-4AE1-89A3-D9633BCFB26D}.Release|Any CPU.ActiveCfg = Release|Any CPU
		{3EE4AFC5-72B9-4AE1-89A3-D9633BCFB26D}.Release|Any CPU.Build.0 = Release|Any CPU
		{867D1965-1850-49A8-88E3-C5D558837454}.Debug|Any CPU.ActiveCfg = Debug|Any CPU
		{867D1965-1850-49A8-88E3-C5D558837454}.Debug|Any CPU.Build.0 = Debug|Any CPU
		{867D1965-1850-49A8-88E3-C5D558837454}.Release|Any CPU.ActiveCfg = Release|Any CPU
		{867D1965-1850-49A8-88E3-C5D558837454}.Release|Any CPU.Build.0 = Release|Any CPU
	EndGlobalSection
	GlobalSection(SolutionProperties) = preSolution
		HideSolutionNode = FALSE
	EndGlobalSection
	GlobalSection(ExtensibilityGlobals) = postSolution
		SolutionGuid = {147D6B61-4AFD-4A1C-B03E-5A68B602B044}
	EndGlobalSection
EndGlobal
